
Microsoft Visual Studio Solution File, Format Version 12.00
# Visual Studio 15
VisualStudioVersion = 15.0.28307.329
MinimumVisualStudioVersion = 10.0.40219.1
Project("{FAE04EC0-301F-11D3-BF4B-00C04F79EFBC}") = "House.ApiRestFul.Api", "House.ApiRestFul.Api\House.ApiRestFul.Api.csproj", "{E17833E8-FCF6-4FF9-B9B7-CB8DECD76734}"
EndProject
Project("{FAE04EC0-301F-11D3-BF4B-00C04F79EFBC}") = "House.ApiRestFul.Dominio", "House.ApiRestFul.Dominio\House.ApiRestFul.Dominio.csproj", "{FD05C5BD-3B3F-47CC-99A1-58B9D31D7471}"
EndProject
Project("{FAE04EC0-301F-11D3-BF4B-00C04F79EFBC}") = "House.ApiRestFul.AcessoDados.Entity", "House.ApiRestFul.AcessoDados.Entity\House.ApiRestFul.AcessoDados.Entity.csproj", "{FE123499-7123-457A-BAC4-D64D0EE9D7E8}"
EndProject
Project("{2150E333-8FDC-42A3-9474-1A3956D46DE8}") = "Comum", "Comum", "{FFB90C94-FBC7-4610-BDB7-F5E75CE73AD6}"
EndProject
Project("{FAE04EC0-301F-11D3-BF4B-00C04F79EFBC}") = "House.Comum.Repositorios.Interfaces", "House.Comum.Repositorios.Interfaces\House.Comum.Repositorios.Interfaces.csproj", "{FECCA0BB-E60C-4ADC-8748-2C7304815906}"
EndProject
Project("{FAE04EC0-301F-11D3-BF4B-00C04F79EFBC}") = "House.Comum.Repositorios.Entity", "House.Comum.Repositorios.Entity\House.Comum.Repositorios.Entity.csproj", "{C170684B-25EF-4F72-A84B-18B8A7C29D53}"
EndProject
Project("{FAE04EC0-301F-11D3-BF4B-00C04F79EFBC}") = "House.ApiRestFul.Repositorios.Entity", "House.ApiRestFul.Repositorios.Entity\House.ApiRestFul.Repositorios.Entity.csproj", "{F3C06EB1-F4BF-4CA7-AB61-1A72BDA1FF32}"
EndProject
Global
	GlobalSection(SolutionConfigurationPlatforms) = preSolution
		Debug|Any CPU = Debug|Any CPU
		Release|Any CPU = Release|Any CPU
	EndGlobalSection
	GlobalSection(ProjectConfigurationPlatforms) = postSolution
		{E17833E8-FCF6-4FF9-B9B7-CB8DECD76734}.Debug|Any CPU.ActiveCfg = Debug|Any CPU
		{E17833E8-FCF6-4FF9-B9B7-CB8DECD76734}.Debug|Any CPU.Build.0 = Debug|Any CPU
		{E17833E8-FCF6-4FF9-B9B7-CB8DECD76734}.Release|Any CPU.ActiveCfg = Release|Any CPU
		{E17833E8-FCF6-4FF9-B9B7-CB8DECD76734}.Release|Any CPU.Build.0 = Release|Any CPU
		{FD05C5BD-3B3F-47CC-99A1-58B9D31D7471}.Debug|Any CPU.ActiveCfg = Debug|Any CPU
		{FD05C5BD-3B3F-47CC-99A1-58B9D31D7471}.Debug|Any CPU.Build.0 = Debug|Any CPU
		{FD05C5BD-3B3F-47CC-99A1-58B9D31D7471}.Release|Any CPU.ActiveCfg = Release|Any CPU
		{FD05C5BD-3B3F-47CC-99A1-58B9D31D7471}.Release|Any CPU.Build.0 = Release|Any CPU
		{FE123499-7123-457A-BAC4-D64D0EE9D7E8}.Debug|Any CPU.ActiveCfg = Debug|Any CPU
		{FE123499-7123-457A-BAC4-D64D0EE9D7E8}.Debug|Any CPU.Build.0 = Debug|Any CPU
		{FE123499-7123-457A-BAC4-D64D0EE9D7E8}.Release|Any CPU.ActiveCfg = Release|Any CPU
		{FE123499-7123-457A-BAC4-D64D0EE9D7E8}.Release|Any CPU.Build.0 = Release|Any CPU
		{FECCA0BB-E60C-4ADC-8748-2C7304815906}.Debug|Any CPU.ActiveCfg = Debug|Any CPU
		{FECCA0BB-E60C-4ADC-8748-2C7304815906}.Debug|Any CPU.Build.0 = Debug|Any CPU
		{FECCA0BB-E60C-4ADC-8748-2C7304815906}.Release|Any CPU.ActiveCfg = Release|Any CPU
		{FECCA0BB-E60C-4ADC-8748-2C7304815906}.Release|Any CPU.Build.0 = Release|Any CPU
		{C170684B-25EF-4F72-A84B-18B8A7C29D53}.Debug|Any CPU.ActiveCfg = Debug|Any CPU
		{C170684B-25EF-4F72-A84B-18B8A7C29D53}.Debug|Any CPU.Build.0 = Debug|Any CPU
		{C170684B-25EF-4F72-A84B-18B8A7C29D53}.Release|Any CPU.ActiveCfg = Release|Any CPU
		{C170684B-25EF-4F72-A84B-18B8A7C29D53}.Release|Any CPU.Build.0 = Release|Any CPU
		{F3C06EB1-F4BF-4CA7-AB61-1A72BDA1FF32}.Debug|Any CPU.ActiveCfg = Debug|Any CPU
		{F3C06EB1-F4BF-4CA7-AB61-1A72BDA1FF32}.Debug|Any CPU.Build.0 = Debug|Any CPU
		{F3C06EB1-F4BF-4CA7-AB61-1A72BDA1FF32}.Release|Any CPU.ActiveCfg = Release|Any CPU
		{F3C06EB1-F4BF-4CA7-AB61-1A72BDA1FF32}.Release|Any CPU.Build.0 = Release|Any CPU
	EndGlobalSection
	GlobalSection(SolutionProperties) = preSolution
		HideSolutionNode = FALSE
	EndGlobalSection
	GlobalSection(NestedProjects) = preSolution
		{FECCA0BB-E60C-4ADC-8748-2C7304815906} = {FFB90C94-FBC7-4610-BDB7-F5E75CE73AD6}
		{C170684B-25EF-4F72-A84B-18B8A7C29D53} = {FFB90C94-FBC7-4610-BDB7-F5E75CE73AD6}
	EndGlobalSection
	GlobalSection(ExtensibilityGlobals) = postSolution
		SolutionGuid = {C1A78030-CE98-4290-83D6-BFE1D6116668}
	EndGlobalSection
EndGlobal
